
Microsoft Visual Studio Solution File, Format Version 12.00
# Visual Studio Version 17
VisualStudioVersion = 17.9.34723.18
MinimumVisualStudioVersion = 10.0.40219.1
Project("{FAE04EC0-301F-11D3-BF4B-00C04F79EFBC}") = "lab1", "lab1\lab1.csproj", "{20002DF9-97C4-47F2-A397-4510E3BF488E}"
EndProject
Project("{FAE04EC0-301F-11D3-BF4B-00C04F79EFBC}") = "ClassLibrary", "ClassLibrary\ClassLibrary.csproj", "{2D67B3A4-444F-4B77-9C17-2BB5BCBC5D38}"
EndProject
Global
	GlobalSection(SolutionConfigurationPlatforms) = preSolution
		Debug|Any CPU = Debug|Any CPU
		Release|Any CPU = Release|Any CPU
	EndGlobalSection
	GlobalSection(ProjectConfigurationPlatforms) = postSolution
		{20002DF9-97C4-47F2-A397-4510E3BF488E}.Debug|Any CPU.ActiveCfg = Debug|Any CPU
		{20002DF9-97C4-47F2-A397-4510E3BF488E}.Debug|Any CPU.Build.0 = Debug|Any CPU
		{20002DF9-97C4-47F2-A397-4510E3BF488E}.Release|Any CPU.ActiveCfg = Release|Any CPU
		{20002DF9-97C4-47F2-A397-4510E3BF488E}.Release|Any CPU.Build.0 = Release|Any CPU
		{2D67B3A4-444F-4B77-9C17-2BB5BCBC5D38}.Debug|Any CPU.ActiveCfg = Debug|Any CPU
		{2D67B3A4-444F-4B77-9C17-2BB5BCBC5D38}.Debug|Any CPU.Build.0 = Debug|Any CPU
		{2D67B3A4-444F-4B77-9C17-2BB5BCBC5D38}.Release|Any CPU.ActiveCfg = Release|Any CPU
		{2D67B3A4-444F-4B77-9C17-2BB5BCBC5D38}.Release|Any CPU.Build.0 = Release|Any CPU
	EndGlobalSection
	GlobalSection(SolutionProperties) = preSolution
		HideSolutionNode = FALSE
	EndGlobalSection
	GlobalSection(ExtensibilityGlobals) = postSolution
		SolutionGuid = {854F9AA8-9D43-4990-8777-FCDCFF1D3D1C}
	EndGlobalSection
EndGlobal
